
Microsoft Visual Studio Solution File, Format Version 12.00
# Visual Studio 15
VisualStudioVersion = 15.0.27130.2024
MinimumVisualStudioVersion = 10.0.40219.1
Project("{FAE04EC0-301F-11D3-BF4B-00C04F79EFBC}") = "Thread", "Thread\Thread.csproj", "{8505BE51-760D-4DB2-8693-3FA1C1FC56CB}"
EndProject
Global
	GlobalSection(SolutionConfigurationPlatforms) = preSolution
		Debug|Any CPU = Debug|Any CPU
		Release|Any CPU = Release|Any CPU
	EndGlobalSection
	GlobalSection(ProjectConfigurationPlatforms) = postSolution
		{8505BE51-760D-4DB2-8693-3FA1C1FC56CB}.Debug|Any CPU.ActiveCfg = Debug|Any CPU
		{8505BE51-760D-4DB2-8693-3FA1C1FC56CB}.Debug|Any CPU.Build.0 = Debug|Any CPU
		{8505BE51-760D-4DB2-8693-3FA1C1FC56CB}.Release|Any CPU.ActiveCfg = Release|Any CPU
		{8505BE51-760D-4DB2-8693-3FA1C1FC56CB}.Release|Any CPU.Build.0 = Release|Any CPU
	EndGlobalSection
	GlobalSection(SolutionProperties) = preSolution
		HideSolutionNode = FALSE
	EndGlobalSection
	GlobalSection(ExtensibilityGlobals) = postSolution
		SolutionGuid = {589B6C56-8382-49C9-89F2-6FBB280E8A45}
	EndGlobalSection
EndGlobal
