
Microsoft Visual Studio Solution File, Format Version 12.00
# Visual Studio 15
VisualStudioVersion = 15.0.27130.2024
MinimumVisualStudioVersion = 10.0.40219.1
Project("{FAE04EC0-301F-11D3-BF4B-00C04F79EFBC}") = "Example1", "Example1\Example1.csproj", "{9FCAAFB2-B856-4D91-AEDA-44F8FF928585}"
EndProject
Global
	GlobalSection(SolutionConfigurationPlatforms) = preSolution
		Debug|Any CPU = Debug|Any CPU
		Release|Any CPU = Release|Any CPU
	EndGlobalSection
	GlobalSection(ProjectConfigurationPlatforms) = postSolution
		{9FCAAFB2-B856-4D91-AEDA-44F8FF928585}.Debug|Any CPU.ActiveCfg = Debug|Any CPU
		{9FCAAFB2-B856-4D91-AEDA-44F8FF928585}.Debug|Any CPU.Build.0 = Debug|Any CPU
		{9FCAAFB2-B856-4D91-AEDA-44F8FF928585}.Release|Any CPU.ActiveCfg = Release|Any CPU
		{9FCAAFB2-B856-4D91-AEDA-44F8FF928585}.Release|Any CPU.Build.0 = Release|Any CPU
	EndGlobalSection
	GlobalSection(SolutionProperties) = preSolution
		HideSolutionNode = FALSE
	EndGlobalSection
	GlobalSection(ExtensibilityGlobals) = postSolution
		SolutionGuid = {EF718EC1-4586-46C1-AA80-9F3FBA192127}
	EndGlobalSection
EndGlobal
