
Microsoft Visual Studio Solution File, Format Version 12.00
# Visual Studio 15
VisualStudioVersion = 15.0.27130.2024
MinimumVisualStudioVersion = 10.0.40219.1
Project("{FAE04EC0-301F-11D3-BF4B-00C04F79EFBC}") = "MaN", "MaN\MaN.csproj", "{6413CF3F-67AE-4B2C-9BD7-BBC2CCEA2C4F}"
EndProject
Global
	GlobalSection(SolutionConfigurationPlatforms) = preSolution
		Debug|Any CPU = Debug|Any CPU
		Release|Any CPU = Release|Any CPU
	EndGlobalSection
	GlobalSection(ProjectConfigurationPlatforms) = postSolution
		{6413CF3F-67AE-4B2C-9BD7-BBC2CCEA2C4F}.Debug|Any CPU.ActiveCfg = Debug|Any CPU
		{6413CF3F-67AE-4B2C-9BD7-BBC2CCEA2C4F}.Debug|Any CPU.Build.0 = Debug|Any CPU
		{6413CF3F-67AE-4B2C-9BD7-BBC2CCEA2C4F}.Release|Any CPU.ActiveCfg = Release|Any CPU
		{6413CF3F-67AE-4B2C-9BD7-BBC2CCEA2C4F}.Release|Any CPU.Build.0 = Release|Any CPU
	EndGlobalSection
	GlobalSection(SolutionProperties) = preSolution
		HideSolutionNode = FALSE
	EndGlobalSection
	GlobalSection(ExtensibilityGlobals) = postSolution
		SolutionGuid = {DB1ED83F-9B10-476C-B648-F7D68F6F0C16}
	EndGlobalSection
EndGlobal
